{
  "version": 4,
  "terraform_version": "1.8.1",
  "serial": 60,
  "lineage": "93e7940e-ea99-f9cd-ab19-90a76768812c",
  "outputs": {},
  "resources": [
    {
      "mode": "managed",
      "type": "openstack_compute_instance_v2",
      "name": "k8s_instance",
      "provider": "provider[\"registry.terraform.io/terraform-provider-openstack/openstack\"]",
      "instances": [
        {
          "index_key": 0,
          "schema_version": 0,
          "attributes": {
            "access_ip_v4": "192.168.10.140",
            "access_ip_v6": "",
            "admin_pass": null,
            "all_metadata": {},
            "all_tags": [],
            "availability_zone": "nova",
            "availability_zone_hints": null,
            "block_device": [
              {
                "boot_index": 0,
                "delete_on_termination": false,
                "destination_type": "volume",
                "device_type": "",
                "disk_bus": "",
                "guest_format": "",
                "source_type": "volume",
                "uuid": "312d9534-da4a-4832-ba60-0794eaeec3b5",
                "volume_size": 0,
                "volume_type": ""
              }
            ],
            "config_drive": null,
            "created": "2024-05-21 12:07:11 +0000 UTC",
            "flavor_id": "44",
            "flavor_name": "m2.huh",
            "floating_ip": null,
            "force_delete": false,
            "id": "f16b1791-3973-466e-897a-20af0c691907",
            "image_id": "Attempt to boot from volume - no image supplied",
            "image_name": null,
            "key_pair": "k8s_key",
            "metadata": null,
            "name": "node-0",
            "network": [
              {
                "access_network": false,
                "fixed_ip_v4": "192.168.10.140",
                "fixed_ip_v6": "",
                "floating_ip": "",
                "mac": "fa:16:3e:d9:85:d3",
                "name": "provider",
                "port": "",
                "uuid": "8edf74ca-d645-4795-87b1-f93fb0b7183b"
              }
            ],
            "network_mode": null,
            "personality": [],
            "power_state": "active",
            "region": "RegionOne",
            "scheduler_hints": [],
            "security_groups": [
              "default"
            ],
            "stop_before_destroy": false,
            "tags": null,
            "timeouts": null,
            "updated": "2024-05-21 12:07:26 +0000 UTC",
            "user_data": "43648b73fbb694cf0c715cd5bd2ab3fb7a8c3ce7",
            "vendor_options": [],
            "volume": []
          },
          "sensitive_attributes": [
            [
              {
                "type": "get_attr",
                "value": "admin_pass"
              }
            ]
          ],
          "private": "eyJlMmJmYjczMC1lY2FhLTExZTYtOGY4OC0zNDM2M2JjN2M0YzAiOnsiY3JlYXRlIjoxODAwMDAwMDAwMDAwLCJkZWxldGUiOjE4MDAwMDAwMDAwMDAsInVwZGF0ZSI6MTgwMDAwMDAwMDAwMH19"
        },
        {
          "index_key": 1,
          "schema_version": 0,
          "attributes": {
            "access_ip_v4": "192.168.10.158",
            "access_ip_v6": "",
            "admin_pass": null,
            "all_metadata": {},
            "all_tags": [],
            "availability_zone": "nova",
            "availability_zone_hints": null,
            "block_device": [
              {
                "boot_index": 0,
                "delete_on_termination": false,
                "destination_type": "volume",
                "device_type": "",
                "disk_bus": "",
                "guest_format": "",
                "source_type": "volume",
                "uuid": "045c85b4-e923-4de2-b81c-64c54f2e0d4d",
                "volume_size": 0,
                "volume_type": ""
              }
            ],
            "config_drive": null,
            "created": "2024-05-21 12:07:11 +0000 UTC",
            "flavor_id": "44",
            "flavor_name": "m2.huh",
            "floating_ip": null,
            "force_delete": false,
            "id": "d7350230-8cda-416b-af85-8d3ed6f02f5e",
            "image_id": "Attempt to boot from volume - no image supplied",
            "image_name": null,
            "key_pair": "k8s_key",
            "metadata": null,
            "name": "node-1",
            "network": [
              {
                "access_network": false,
                "fixed_ip_v4": "192.168.10.158",
                "fixed_ip_v6": "",
                "floating_ip": "",
                "mac": "fa:16:3e:a2:63:85",
                "name": "provider",
                "port": "",
                "uuid": "8edf74ca-d645-4795-87b1-f93fb0b7183b"
              }
            ],
            "network_mode": null,
            "personality": [],
            "power_state": "active",
            "region": "RegionOne",
            "scheduler_hints": [],
            "security_groups": [
              "default"
            ],
            "stop_before_destroy": false,
            "tags": null,
            "timeouts": null,
            "updated": "2024-05-21 12:07:27 +0000 UTC",
            "user_data": "43648b73fbb694cf0c715cd5bd2ab3fb7a8c3ce7",
            "vendor_options": [],
            "volume": []
          },
          "sensitive_attributes": [
            [
              {
                "type": "get_attr",
                "value": "admin_pass"
              }
            ]
          ],
          "private": "eyJlMmJmYjczMC1lY2FhLTExZTYtOGY4OC0zNDM2M2JjN2M0YzAiOnsiY3JlYXRlIjoxODAwMDAwMDAwMDAwLCJkZWxldGUiOjE4MDAwMDAwMDAwMDAsInVwZGF0ZSI6MTgwMDAwMDAwMDAwMH19"
        }
      ]
    }
  ],
  "check_results": null
}
